
Microsoft Visual Studio Solution File, Format Version 12.00
# Visual Studio Version 16
VisualStudioVersion = 16.0.30611.23
MinimumVisualStudioVersion = 10.0.40219.1
Project("{9A19103F-16F7-4668-BE54-9A1E7A4F7556}") = "Butik", "Butik.csproj", "{1DFC9EC3-96B3-436F-86F1-F180F8B6405C}"
EndProject
Project("{9A19103F-16F7-4668-BE54-9A1E7A4F7556}") = "Butik_Creator", "..\Butik_Creator\Butik_Creator.csproj", "{26CCAF33-4BF6-4EA6-A325-188015B1E243}"
EndProject
Project("{FAE04EC0-301F-11D3-BF4B-00C04F79EFBC}") = "ButikTests", "..\ButikTests\ButikTests.csproj", "{AE754C15-89B8-4DB2-9CDF-C17ACD77E8DA}"
EndProject
Global
	GlobalSection(SolutionConfigurationPlatforms) = preSolution
		Debug|Any CPU = Debug|Any CPU
		Release|Any CPU = Release|Any CPU
	EndGlobalSection
	GlobalSection(ProjectConfigurationPlatforms) = postSolution
		{1DFC9EC3-96B3-436F-86F1-F180F8B6405C}.Debug|Any CPU.ActiveCfg = Debug|Any CPU
		{1DFC9EC3-96B3-436F-86F1-F180F8B6405C}.Debug|Any CPU.Build.0 = Debug|Any CPU
		{1DFC9EC3-96B3-436F-86F1-F180F8B6405C}.Release|Any CPU.ActiveCfg = Release|Any CPU
		{1DFC9EC3-96B3-436F-86F1-F180F8B6405C}.Release|Any CPU.Build.0 = Release|Any CPU
		{26CCAF33-4BF6-4EA6-A325-188015B1E243}.Debug|Any CPU.ActiveCfg = Debug|Any CPU
		{26CCAF33-4BF6-4EA6-A325-188015B1E243}.Debug|Any CPU.Build.0 = Debug|Any CPU
		{26CCAF33-4BF6-4EA6-A325-188015B1E243}.Release|Any CPU.ActiveCfg = Release|Any CPU
		{26CCAF33-4BF6-4EA6-A325-188015B1E243}.Release|Any CPU.Build.0 = Release|Any CPU
		{AE754C15-89B8-4DB2-9CDF-C17ACD77E8DA}.Debug|Any CPU.ActiveCfg = Debug|Any CPU
		{AE754C15-89B8-4DB2-9CDF-C17ACD77E8DA}.Debug|Any CPU.Build.0 = Debug|Any CPU
		{AE754C15-89B8-4DB2-9CDF-C17ACD77E8DA}.Release|Any CPU.ActiveCfg = Release|Any CPU
		{AE754C15-89B8-4DB2-9CDF-C17ACD77E8DA}.Release|Any CPU.Build.0 = Release|Any CPU
	EndGlobalSection
	GlobalSection(SolutionProperties) = preSolution
		HideSolutionNode = FALSE
	EndGlobalSection
	GlobalSection(ExtensibilityGlobals) = postSolution
		SolutionGuid = {E77AF55E-24FB-407A-B909-6859489DA993}
	EndGlobalSection
EndGlobal
